
Microsoft Visual Studio Solution File, Format Version 12.00
# Visual Studio Version 17
VisualStudioVersion = 17.2.32602.215
MinimumVisualStudioVersion = 10.0.40219.1
Project("{FAE04EC0-301F-11D3-BF4B-00C04F79EFBC}") = "EstateManagent.Application", "EstateManagent.Application\EstateManagent.Application.csproj", "{7883EB7E-6EBE-495A-B46B-0BD3F59A30B4}"
EndProject
Project("{FAE04EC0-301F-11D3-BF4B-00C04F79EFBC}") = "EstateManagement.WebService", "EstateManagement.WebService\EstateManagement.WebService.csproj", "{5C15DDAA-13ED-47A2-A6AE-EC5EFF300843}"
EndProject
Global
	GlobalSection(SolutionConfigurationPlatforms) = preSolution
		Debug|Any CPU = Debug|Any CPU
		Release|Any CPU = Release|Any CPU
	EndGlobalSection
	GlobalSection(ProjectConfigurationPlatforms) = postSolution
		{7883EB7E-6EBE-495A-B46B-0BD3F59A30B4}.Debug|Any CPU.ActiveCfg = Debug|Any CPU
		{7883EB7E-6EBE-495A-B46B-0BD3F59A30B4}.Debug|Any CPU.Build.0 = Debug|Any CPU
		{7883EB7E-6EBE-495A-B46B-0BD3F59A30B4}.Release|Any CPU.ActiveCfg = Release|Any CPU
		{7883EB7E-6EBE-495A-B46B-0BD3F59A30B4}.Release|Any CPU.Build.0 = Release|Any CPU
		{5C15DDAA-13ED-47A2-A6AE-EC5EFF300843}.Debug|Any CPU.ActiveCfg = Debug|Any CPU
		{5C15DDAA-13ED-47A2-A6AE-EC5EFF300843}.Debug|Any CPU.Build.0 = Debug|Any CPU
		{5C15DDAA-13ED-47A2-A6AE-EC5EFF300843}.Release|Any CPU.ActiveCfg = Release|Any CPU
		{5C15DDAA-13ED-47A2-A6AE-EC5EFF300843}.Release|Any CPU.Build.0 = Release|Any CPU
	EndGlobalSection
	GlobalSection(SolutionProperties) = preSolution
		HideSolutionNode = FALSE
	EndGlobalSection
	GlobalSection(ExtensibilityGlobals) = postSolution
		SolutionGuid = {CB1B5986-CCA9-43BA-8F52-86F2FB2E7D7A}
	EndGlobalSection
EndGlobal
